
Microsoft Visual Studio Solution File, Format Version 12.00
# Visual Studio 15
VisualStudioVersion = 15.0.28307.489
MinimumVisualStudioVersion = 10.0.40219.1
Project("{FAE04EC0-301F-11D3-BF4B-00C04F79EFBC}") = "WindowsClock", "WindowsClock\WindowsClock.csproj", "{F1CC3A50-DC3B-43DA-BD99-162AE6F84CBD}"
EndProject
Global
	GlobalSection(SolutionConfigurationPlatforms) = preSolution
		Debug|Any CPU = Debug|Any CPU
		Release|Any CPU = Release|Any CPU
	EndGlobalSection
	GlobalSection(ProjectConfigurationPlatforms) = postSolution
		{F1CC3A50-DC3B-43DA-BD99-162AE6F84CBD}.Debug|Any CPU.ActiveCfg = Debug|Any CPU
		{F1CC3A50-DC3B-43DA-BD99-162AE6F84CBD}.Debug|Any CPU.Build.0 = Debug|Any CPU
		{F1CC3A50-DC3B-43DA-BD99-162AE6F84CBD}.Release|Any CPU.ActiveCfg = Release|Any CPU
		{F1CC3A50-DC3B-43DA-BD99-162AE6F84CBD}.Release|Any CPU.Build.0 = Release|Any CPU
	EndGlobalSection
	GlobalSection(SolutionProperties) = preSolution
		HideSolutionNode = FALSE
	EndGlobalSection
	GlobalSection(ExtensibilityGlobals) = postSolution
		SolutionGuid = {8D19CBAD-6981-4BFC-AF15-C664B6333337}
	EndGlobalSection
EndGlobal
